
Microsoft Visual Studio Solution File, Format Version 12.00
# Visual Studio Version 17
VisualStudioVersion = 17.0.31903.59
MinimumVisualStudioVersion = 10.0.40219.1
Project("{2150E333-8FDC-42A3-9474-1A3956D46DE8}") = "lib", "lib", "{60E87520-C8FD-41D1-A4E2-7A7496B49C30}"
EndProject
Project("{2150E333-8FDC-42A3-9474-1A3956D46DE8}") = "Solution Items", "Solution Items", "{2388614A-6F53-46AC-ADA1-5BDF62172EB5}"
	ProjectSection(SolutionItems) = preProject
		.editorconfig = .editorconfig
		.gitattributes = .gitattributes
		.gitignore = .gitignore
		Directory.Build.props = Directory.Build.props
		Directory.Build.targets = Directory.Build.targets
		Directory.Packages.props = Directory.Packages.props
		NuGet.config = NuGet.config
		README.md = README.md
	EndProjectSection
EndProject
Project("{9A19103F-16F7-4668-BE54-9A1E7A4F7556}") = "Resilience", "src\Resilience\Resilience.csproj", "{E491297F-BB4C-4D30-B637-E66B9FC72393}"
EndProject
Project("{9A19103F-16F7-4668-BE54-9A1E7A4F7556}") = "Resilience.Abstractions", "src\Resilience.Abstractions\Resilience.Abstractions.csproj", "{8521D8A9-DCEA-42B8-B0FC-2A69C7E50B06}"
EndProject
Project("{9A19103F-16F7-4668-BE54-9A1E7A4F7556}") = "Resilience.Strategies", "src\Resilience.Strategies\Resilience.Strategies.csproj", "{71FA5340-888C-4ACD-A179-A5AB0FF70FBE}"
EndProject
Project("{2150E333-8FDC-42A3-9474-1A3956D46DE8}") = "bench", "bench", "{4C7B54C9-97B0-4613-BB12-5DCC7C9F8784}"
EndProject
Project("{9A19103F-16F7-4668-BE54-9A1E7A4F7556}") = "Resilience.Strategies.Bench", "bench\Resilience.Strategies.Bench\Resilience.Strategies.Bench.csproj", "{DD00DD81-ECD1-45C3-9406-59A9C4DA3749}"
EndProject
Project("{9A19103F-16F7-4668-BE54-9A1E7A4F7556}") = "Resilience.Polly", "src\Resilience.Polly\Resilience.Polly.csproj", "{7D1CB040-08F8-4E5A-9CA7-8E18027E36E7}"
EndProject
Project("{9A19103F-16F7-4668-BE54-9A1E7A4F7556}") = "Resilience.DependencyInjection", "src\Resilience.DependencyInjection\Resilience.DependencyInjection.csproj", "{701A1262-1215-4C0F-9900-67A5AD8CC2F5}"
EndProject
Global
	GlobalSection(SolutionConfigurationPlatforms) = preSolution
		Debug|Any CPU = Debug|Any CPU
		Release|Any CPU = Release|Any CPU
	EndGlobalSection
	GlobalSection(ProjectConfigurationPlatforms) = postSolution
		{E491297F-BB4C-4D30-B637-E66B9FC72393}.Debug|Any CPU.ActiveCfg = Debug|Any CPU
		{E491297F-BB4C-4D30-B637-E66B9FC72393}.Debug|Any CPU.Build.0 = Debug|Any CPU
		{E491297F-BB4C-4D30-B637-E66B9FC72393}.Release|Any CPU.ActiveCfg = Release|Any CPU
		{E491297F-BB4C-4D30-B637-E66B9FC72393}.Release|Any CPU.Build.0 = Release|Any CPU
		{8521D8A9-DCEA-42B8-B0FC-2A69C7E50B06}.Debug|Any CPU.ActiveCfg = Debug|Any CPU
		{8521D8A9-DCEA-42B8-B0FC-2A69C7E50B06}.Debug|Any CPU.Build.0 = Debug|Any CPU
		{8521D8A9-DCEA-42B8-B0FC-2A69C7E50B06}.Release|Any CPU.ActiveCfg = Release|Any CPU
		{8521D8A9-DCEA-42B8-B0FC-2A69C7E50B06}.Release|Any CPU.Build.0 = Release|Any CPU
		{71FA5340-888C-4ACD-A179-A5AB0FF70FBE}.Debug|Any CPU.ActiveCfg = Debug|Any CPU
		{71FA5340-888C-4ACD-A179-A5AB0FF70FBE}.Debug|Any CPU.Build.0 = Debug|Any CPU
		{71FA5340-888C-4ACD-A179-A5AB0FF70FBE}.Release|Any CPU.ActiveCfg = Release|Any CPU
		{71FA5340-888C-4ACD-A179-A5AB0FF70FBE}.Release|Any CPU.Build.0 = Release|Any CPU
		{DD00DD81-ECD1-45C3-9406-59A9C4DA3749}.Debug|Any CPU.ActiveCfg = Debug|Any CPU
		{DD00DD81-ECD1-45C3-9406-59A9C4DA3749}.Debug|Any CPU.Build.0 = Debug|Any CPU
		{DD00DD81-ECD1-45C3-9406-59A9C4DA3749}.Release|Any CPU.ActiveCfg = Release|Any CPU
		{DD00DD81-ECD1-45C3-9406-59A9C4DA3749}.Release|Any CPU.Build.0 = Release|Any CPU
		{7D1CB040-08F8-4E5A-9CA7-8E18027E36E7}.Debug|Any CPU.ActiveCfg = Debug|Any CPU
		{7D1CB040-08F8-4E5A-9CA7-8E18027E36E7}.Debug|Any CPU.Build.0 = Debug|Any CPU
		{7D1CB040-08F8-4E5A-9CA7-8E18027E36E7}.Release|Any CPU.ActiveCfg = Release|Any CPU
		{7D1CB040-08F8-4E5A-9CA7-8E18027E36E7}.Release|Any CPU.Build.0 = Release|Any CPU
		{701A1262-1215-4C0F-9900-67A5AD8CC2F5}.Debug|Any CPU.ActiveCfg = Debug|Any CPU
		{701A1262-1215-4C0F-9900-67A5AD8CC2F5}.Debug|Any CPU.Build.0 = Debug|Any CPU
		{701A1262-1215-4C0F-9900-67A5AD8CC2F5}.Release|Any CPU.ActiveCfg = Release|Any CPU
		{701A1262-1215-4C0F-9900-67A5AD8CC2F5}.Release|Any CPU.Build.0 = Release|Any CPU
	EndGlobalSection
	GlobalSection(SolutionProperties) = preSolution
		HideSolutionNode = FALSE
	EndGlobalSection
	GlobalSection(NestedProjects) = preSolution
		{E491297F-BB4C-4D30-B637-E66B9FC72393} = {60E87520-C8FD-41D1-A4E2-7A7496B49C30}
		{8521D8A9-DCEA-42B8-B0FC-2A69C7E50B06} = {60E87520-C8FD-41D1-A4E2-7A7496B49C30}
		{71FA5340-888C-4ACD-A179-A5AB0FF70FBE} = {60E87520-C8FD-41D1-A4E2-7A7496B49C30}
		{DD00DD81-ECD1-45C3-9406-59A9C4DA3749} = {4C7B54C9-97B0-4613-BB12-5DCC7C9F8784}
		{7D1CB040-08F8-4E5A-9CA7-8E18027E36E7} = {60E87520-C8FD-41D1-A4E2-7A7496B49C30}
		{701A1262-1215-4C0F-9900-67A5AD8CC2F5} = {60E87520-C8FD-41D1-A4E2-7A7496B49C30}
	EndGlobalSection
	GlobalSection(ExtensibilityGlobals) = postSolution
		SolutionGuid = {279B436A-09D4-4F9F-B996-EE59192DAFFA}
	EndGlobalSection
EndGlobal
